
Microsoft Visual Studio Solution File, Format Version 12.00
# Visual Studio Version 17
VisualStudioVersion = 17.8.34525.116
MinimumVisualStudioVersion = 10.0.40219.1
Project("{FAE04EC0-301F-11D3-BF4B-00C04F79EFBC}") = "webapiServer", "webapiServer\webapiServer.csproj", "{0DB5F5BF-152A-4613-8310-51321ABC0790}"
EndProject
Project("{FAE04EC0-301F-11D3-BF4B-00C04F79EFBC}") = "BibliotecaComercio", "BibliotecaComercio\BibliotecaComercio.csproj", "{D1F57B18-FC04-43B7-BF73-D30CB5C797B8}"
EndProject
Project("{FAE04EC0-301F-11D3-BF4B-00C04F79EFBC}") = "webapiCliente", "webapiCliente\webapiCliente.csproj", "{A4E0E3E6-9D79-4939-94ED-7631BB1EEAF6}"
EndProject
Global
	GlobalSection(SolutionConfigurationPlatforms) = preSolution
		Debug|Any CPU = Debug|Any CPU
		Release|Any CPU = Release|Any CPU
	EndGlobalSection
	GlobalSection(ProjectConfigurationPlatforms) = postSolution
		{0DB5F5BF-152A-4613-8310-51321ABC0790}.Debug|Any CPU.ActiveCfg = Debug|Any CPU
		{0DB5F5BF-152A-4613-8310-51321ABC0790}.Debug|Any CPU.Build.0 = Debug|Any CPU
		{0DB5F5BF-152A-4613-8310-51321ABC0790}.Release|Any CPU.ActiveCfg = Release|Any CPU
		{0DB5F5BF-152A-4613-8310-51321ABC0790}.Release|Any CPU.Build.0 = Release|Any CPU
		{D1F57B18-FC04-43B7-BF73-D30CB5C797B8}.Debug|Any CPU.ActiveCfg = Debug|Any CPU
		{D1F57B18-FC04-43B7-BF73-D30CB5C797B8}.Debug|Any CPU.Build.0 = Debug|Any CPU
		{D1F57B18-FC04-43B7-BF73-D30CB5C797B8}.Release|Any CPU.ActiveCfg = Release|Any CPU
		{D1F57B18-FC04-43B7-BF73-D30CB5C797B8}.Release|Any CPU.Build.0 = Release|Any CPU
		{A4E0E3E6-9D79-4939-94ED-7631BB1EEAF6}.Debug|Any CPU.ActiveCfg = Debug|Any CPU
		{A4E0E3E6-9D79-4939-94ED-7631BB1EEAF6}.Debug|Any CPU.Build.0 = Debug|Any CPU
		{A4E0E3E6-9D79-4939-94ED-7631BB1EEAF6}.Release|Any CPU.ActiveCfg = Release|Any CPU
		{A4E0E3E6-9D79-4939-94ED-7631BB1EEAF6}.Release|Any CPU.Build.0 = Release|Any CPU
	EndGlobalSection
	GlobalSection(SolutionProperties) = preSolution
		HideSolutionNode = FALSE
	EndGlobalSection
	GlobalSection(ExtensibilityGlobals) = postSolution
		SolutionGuid = {ECC4038C-D562-45F1-A262-5126E3E29915}
	EndGlobalSection
EndGlobal
